
Microsoft Visual Studio Solution File, Format Version 11.00
# Visual Studio 2010
Project("{FAE04EC0-301F-11D3-BF4B-00C04F79EFBC}") = "RequestReduce", "RequestReduce\RequestReduce.csproj", "{D93C41C6-62D7-42E6-9FF0-AA0A992B72F6}"
EndProject
Project("{FAE04EC0-301F-11D3-BF4B-00C04F79EFBC}") = "RequestReduce.Facts", "RequestReduce.Facts\RequestReduce.Facts.csproj", "{44D783B4-BB45-4390-BBA4-D2ED7EAABB55}"
EndProject
Project("{2150E333-8FDC-42A3-9474-1A3956D46DE8}") = "Solution Items", "Solution Items", "{334FCF8B-59F9-4FB4-8161-0A9E34387CE3}"
	ProjectSection(SolutionItems) = preProject
		.gitignore = .gitignore
		build.bat = build.bat
		BuildScript.ps1 = BuildScript.ps1
		CNAME.txt = CNAME.txt
		License.txt = License.txt
		Readme.md = Readme.md
	EndProjectSection
EndProject
Project("{E24C65DC-7377-472B-9ABA-BC803B73C61A}") = "RequestReduce.SampleWeb", "RequestReduce.SampleWeb\", "{7232660D-66C1-45AA-B1E6-6D01A0150810}"
	ProjectSection(WebsiteProperties) = preProject
		TargetFrameworkMoniker = ".NETFramework,Version%3Dv4.0"
		ProjectReferences = "{D93C41C6-62D7-42E6-9FF0-AA0A992B72F6}|RequestReduce.dll;"
		Debug.AspNetCompiler.VirtualPath = "/RequestReduce.SampleWeb"
		Debug.AspNetCompiler.PhysicalPath = "RequestReduce.SampleWeb\"
		Debug.AspNetCompiler.TargetPath = "PrecompiledWeb\RequestReduce.SampleWeb\"
		Debug.AspNetCompiler.Updateable = "true"
		Debug.AspNetCompiler.ForceOverwrite = "true"
		Debug.AspNetCompiler.FixedNames = "false"
		Debug.AspNetCompiler.Debug = "True"
		Release.AspNetCompiler.VirtualPath = "/RequestReduce.SampleWeb"
		Release.AspNetCompiler.PhysicalPath = "RequestReduce.SampleWeb\"
		Release.AspNetCompiler.TargetPath = "PrecompiledWeb\RequestReduce.SampleWeb\"
		Release.AspNetCompiler.Updateable = "true"
		Release.AspNetCompiler.ForceOverwrite = "true"
		Release.AspNetCompiler.FixedNames = "false"
		Release.AspNetCompiler.Debug = "False"
		DefaultWebSiteLanguage = "Visual C#"
	EndProjectSection
EndProject
Project("{FAE04EC0-301F-11D3-BF4B-00C04F79EFBC}") = "RequestReduce.Facts.Integration", "RequestReduce.Facts.Integration\RequestReduce.Facts.Integration.csproj", "{2F96EAC5-528F-4BEB-80D6-B6353FFAB8E9}"
EndProject
Global
	GlobalSection(SolutionConfigurationPlatforms) = preSolution
		Debug|Any CPU = Debug|Any CPU
		Release|Any CPU = Release|Any CPU
	EndGlobalSection
	GlobalSection(ProjectConfigurationPlatforms) = postSolution
		{D93C41C6-62D7-42E6-9FF0-AA0A992B72F6}.Debug|Any CPU.ActiveCfg = Debug|Any CPU
		{D93C41C6-62D7-42E6-9FF0-AA0A992B72F6}.Debug|Any CPU.Build.0 = Debug|Any CPU
		{D93C41C6-62D7-42E6-9FF0-AA0A992B72F6}.Release|Any CPU.ActiveCfg = Release|Any CPU
		{D93C41C6-62D7-42E6-9FF0-AA0A992B72F6}.Release|Any CPU.Build.0 = Release|Any CPU
		{44D783B4-BB45-4390-BBA4-D2ED7EAABB55}.Debug|Any CPU.ActiveCfg = Debug|Any CPU
		{44D783B4-BB45-4390-BBA4-D2ED7EAABB55}.Debug|Any CPU.Build.0 = Debug|Any CPU
		{44D783B4-BB45-4390-BBA4-D2ED7EAABB55}.Release|Any CPU.ActiveCfg = Release|Any CPU
		{44D783B4-BB45-4390-BBA4-D2ED7EAABB55}.Release|Any CPU.Build.0 = Release|Any CPU
		{7232660D-66C1-45AA-B1E6-6D01A0150810}.Debug|Any CPU.ActiveCfg = Debug|Any CPU
		{7232660D-66C1-45AA-B1E6-6D01A0150810}.Debug|Any CPU.Build.0 = Debug|Any CPU
		{7232660D-66C1-45AA-B1E6-6D01A0150810}.Release|Any CPU.ActiveCfg = Debug|Any CPU
		{7232660D-66C1-45AA-B1E6-6D01A0150810}.Release|Any CPU.Build.0 = Debug|Any CPU
		{2F96EAC5-528F-4BEB-80D6-B6353FFAB8E9}.Debug|Any CPU.ActiveCfg = Debug|Any CPU
		{2F96EAC5-528F-4BEB-80D6-B6353FFAB8E9}.Debug|Any CPU.Build.0 = Debug|Any CPU
		{2F96EAC5-528F-4BEB-80D6-B6353FFAB8E9}.Release|Any CPU.ActiveCfg = Release|Any CPU
		{2F96EAC5-528F-4BEB-80D6-B6353FFAB8E9}.Release|Any CPU.Build.0 = Release|Any CPU
	EndGlobalSection
	GlobalSection(SolutionProperties) = preSolution
		HideSolutionNode = FALSE
	EndGlobalSection
EndGlobal
